
Microsoft Visual Studio Solution File, Format Version 11.00
# Visual Studio 2010
# SharpDevelop 5.1
Project("{FAE04EC0-301F-11D3-BF4B-00C04F79EFBC}") = "Grimorium AD&D", "Grimorium AD&D\Grimorium AD&D.csproj", "{7B1CEE69-3188-4B50-A76C-FDD1FEE8224D}"
EndProject
Global
	GlobalSection(SolutionConfigurationPlatforms) = preSolution
		Debug|Any CPU = Debug|Any CPU
		Release|Any CPU = Release|Any CPU
	EndGlobalSection
	GlobalSection(ProjectConfigurationPlatforms) = postSolution
		{7B1CEE69-3188-4B50-A76C-FDD1FEE8224D}.Debug|Any CPU.ActiveCfg = Debug|Any CPU
		{7B1CEE69-3188-4B50-A76C-FDD1FEE8224D}.Debug|Any CPU.Build.0 = Debug|Any CPU
		{7B1CEE69-3188-4B50-A76C-FDD1FEE8224D}.Release|Any CPU.ActiveCfg = Release|Any CPU
		{7B1CEE69-3188-4B50-A76C-FDD1FEE8224D}.Release|Any CPU.Build.0 = Release|Any CPU
	EndGlobalSection
EndGlobal
